
Microsoft Visual Studio Solution File, Format Version 12.00
# Visual Studio Version 17
VisualStudioVersion = 17.7.34202.233
MinimumVisualStudioVersion = 10.0.40219.1
Project("{FAE04EC0-301F-11D3-BF4B-00C04F79EFBC}") = "Project.UI", "Project.UI\Project.UI.csproj", "{72B581DE-5231-455F-97E0-C2D9058D100B}"
EndProject
Project("{FAE04EC0-301F-11D3-BF4B-00C04F79EFBC}") = "Project.EntityLayer", "Project.EntityLayer\Project.EntityLayer.csproj", "{2DF6AB81-FD04-4FBF-A190-F6F861BC14FA}"
EndProject
Project("{FAE04EC0-301F-11D3-BF4B-00C04F79EFBC}") = "Project.DataAccessLAyer", "Project.DataAccessLAyer\Project.DataAccessLAyer.csproj", "{0D89DDAF-8C21-4861-B6FC-BBE4CEA21BAA}"
EndProject
Project("{FAE04EC0-301F-11D3-BF4B-00C04F79EFBC}") = "Project.DTOLayer", "Project.DTOLayer\Project.DTOLayer.csproj", "{B310B7F7-B020-47A4-AE2D-A8724237BB9A}"
EndProject
Project("{FAE04EC0-301F-11D3-BF4B-00C04F79EFBC}") = "Project.BusinessLayer", "Project.BusinessLayer\Project.BusinessLayer.csproj", "{0E7E3485-C938-4C42-AFC0-9320E6C13778}"
EndProject
Global
	GlobalSection(SolutionConfigurationPlatforms) = preSolution
		Debug|Any CPU = Debug|Any CPU
		Release|Any CPU = Release|Any CPU
	EndGlobalSection
	GlobalSection(ProjectConfigurationPlatforms) = postSolution
		{72B581DE-5231-455F-97E0-C2D9058D100B}.Debug|Any CPU.ActiveCfg = Debug|Any CPU
		{72B581DE-5231-455F-97E0-C2D9058D100B}.Debug|Any CPU.Build.0 = Debug|Any CPU
		{72B581DE-5231-455F-97E0-C2D9058D100B}.Release|Any CPU.ActiveCfg = Release|Any CPU
		{72B581DE-5231-455F-97E0-C2D9058D100B}.Release|Any CPU.Build.0 = Release|Any CPU
		{2DF6AB81-FD04-4FBF-A190-F6F861BC14FA}.Debug|Any CPU.ActiveCfg = Debug|Any CPU
		{2DF6AB81-FD04-4FBF-A190-F6F861BC14FA}.Debug|Any CPU.Build.0 = Debug|Any CPU
		{2DF6AB81-FD04-4FBF-A190-F6F861BC14FA}.Release|Any CPU.ActiveCfg = Release|Any CPU
		{2DF6AB81-FD04-4FBF-A190-F6F861BC14FA}.Release|Any CPU.Build.0 = Release|Any CPU
		{0D89DDAF-8C21-4861-B6FC-BBE4CEA21BAA}.Debug|Any CPU.ActiveCfg = Debug|Any CPU
		{0D89DDAF-8C21-4861-B6FC-BBE4CEA21BAA}.Debug|Any CPU.Build.0 = Debug|Any CPU
		{0D89DDAF-8C21-4861-B6FC-BBE4CEA21BAA}.Release|Any CPU.ActiveCfg = Release|Any CPU
		{0D89DDAF-8C21-4861-B6FC-BBE4CEA21BAA}.Release|Any CPU.Build.0 = Release|Any CPU
		{B310B7F7-B020-47A4-AE2D-A8724237BB9A}.Debug|Any CPU.ActiveCfg = Debug|Any CPU
		{B310B7F7-B020-47A4-AE2D-A8724237BB9A}.Debug|Any CPU.Build.0 = Debug|Any CPU
		{B310B7F7-B020-47A4-AE2D-A8724237BB9A}.Release|Any CPU.ActiveCfg = Release|Any CPU
		{B310B7F7-B020-47A4-AE2D-A8724237BB9A}.Release|Any CPU.Build.0 = Release|Any CPU
		{0E7E3485-C938-4C42-AFC0-9320E6C13778}.Debug|Any CPU.ActiveCfg = Debug|Any CPU
		{0E7E3485-C938-4C42-AFC0-9320E6C13778}.Debug|Any CPU.Build.0 = Debug|Any CPU
		{0E7E3485-C938-4C42-AFC0-9320E6C13778}.Release|Any CPU.ActiveCfg = Release|Any CPU
		{0E7E3485-C938-4C42-AFC0-9320E6C13778}.Release|Any CPU.Build.0 = Release|Any CPU
	EndGlobalSection
	GlobalSection(SolutionProperties) = preSolution
		HideSolutionNode = FALSE
	EndGlobalSection
	GlobalSection(ExtensibilityGlobals) = postSolution
		SolutionGuid = {1E691B2B-6BB7-43C4-9C55-AD3BB5D512DA}
	EndGlobalSection
EndGlobal
